// !$*UTF8*$!
{
	archiveVersion = 1;
	classes = {
	};
	objectVersion = 46;
	objects = {

/* Begin PBXBuildFile section */
		3504FC391F201F8000B28FB3 /* AppDelegate.swift in Sources */ = {isa = PBXBuildFile; fileRef = 3504FC381F201F8000B28FB3 /* AppDelegate.swift */; };
		3504FC3B1F201F8000B28FB3 /* ViewController.swift in Sources */ = {isa = PBXBuildFile; fileRef = 3504FC3A1F201F8000B28FB3 /* ViewController.swift */; };
		3504FC3E1F201F8000B28FB3 /* Main.storyboard in Resources */ = {isa = PBXBuildFile; fileRef = 3504FC3C1F201F8000B28FB3 /* Main.storyboard */; };
		3504FC411F201F8000B28FB3 /* Beer.xcdatamodeld in Sources */ = {isa = PBXBuildFile; fileRef = 3504FC3F1F201F8000B28FB3 /* Beer.xcdatamodeld */; };
		3504FC431F201F8000B28FB3 /* Assets.xcassets in Resources */ = {isa = PBXBuildFile; fileRef = 3504FC421F201F8000B28FB3 /* Assets.xcassets */; };
		3504FC461F201F8000B28FB3 /* LaunchScreen.storyboard in Resources */ = {isa = PBXBuildFile; fileRef = 3504FC441F201F8000B28FB3 /* LaunchScreen.storyboard */; };
/* End PBXBuildFile section */

/* Begin PBXFileReference section */
		3504FC351F201F8000B28FB3 /* Beer.app */ = {isa = PBXFileReference; explicitFileType = wrapper.application; includeInIndex = 0; path = Beer.app; sourceTree = BUILT_PRODUCTS_DIR; };
		3504FC381F201F8000B28FB3 /* AppDelegate.swift */ = {isa = PBXFileReference; lastKnownFileType = sourcecode.swift; path = AppDelegate.swift; sourceTree = "<group>"; };
		3504FC3A1F201F8000B28FB3 /* ViewController.swift */ = {isa = PBXFileReference; lastKnownFileType = sourcecode.swift; path = ViewController.swift; sourceTree = "<group>"; };
		3504FC3D1F201F8000B28FB3 /* Base */ = {isa = PBXFileReference; lastKnownFileType = file.storyboard; name = Base; path = Base.lproj/Main.storyboard; sourceTree = "<group>"; };
		3504FC401F201F8000B28FB3 /* Beer.xcdatamodel */ = {isa = PBXFileReference; lastKnownFileType = wrapper.xcdatamodel; path = Beer.xcdatamodel; sourceTree = "<group>"; };
		3504FC421F201F8000B28FB3 /* Assets.xcassets */ = {isa = PBXFileReference; lastKnownFileType = folder.assetcatalog; path = Assets.xcassets; sourceTree = "<group>"; };
		3504FC451F201F8000B28FB3 /* Base */ = {isa = PBXFileReference; lastKnownFileType = file.storyboard; name = Base; path = Base.lproj/LaunchScreen.storyboard; sourceTree = "<group>"; };
		3504FC471F201F8000B28FB3 /* Info.plist */ = {isa = PBXFileReference; lastKnownFileType = text.plist.xml; path = Info.plist; sourceTree = "<group>"; };
/* End PBXFileReference section */

/* Begin PBXFrameworksBuildPhase section */
		3504FC321F201F8000B28FB3 /* Frameworks */ = {
			isa = PBXFrameworksBuildPhase;
			buildActionMask = 2147483647;
			files = (
			);
			runOnlyForDeploymentPostprocessing = 0;
		};
/* End PBXFrameworksBuildPhase section */

/* Begin PBXGroup section */
		3504FC2C1F201F8000B28FB3 = {
			isa = PBXGroup;
			children = (
				3504FC371F201F8000B28FB3 /* Beer */,
				3504FC361F201F8000B28FB3 /* Products */,
			);
			sourceTree = "<group>";
		};
		3504FC361F201F8000B28FB3 /* Products */ = {
			isa = PBXGroup;
			children = (
				3504FC351F201F8000B28FB3 /* Beer.app */,
			);
			name = Products;
			sourceTree = "<group>";
		};
		3504FC371F201F8000B28FB3 /* Beer */ = {
			isa = PBXGroup;
			children = (
				3504FC381F201F8000B28FB3 /* AppDelegate.swift */,
				3504FC3A1F201F8000B28FB3 /* ViewController.swift */,
				3504FC3C1F201F8000B28FB3 /* Main.storyboard */,
				3504FC421F201F8000B28FB3 /* Assets.xcassets */,
				3504FC441F201F8000B28FB3 /* LaunchScreen.storyboard */,
				3504FC471F201F8000B28FB3 /* Info.plist */,
				3504FC3F1F201F8000B28FB3 /* Beer.xcdatamodeld */,
			);
			path = Beer;
			sourceTree = "<group>";
		};
/* End PBXGroup section */

/* Begin PBXNativeTarget section */
		3504FC341F201F8000B28FB3 /* Beer */ = {
			isa = PBXNativeTarget;
			buildConfigurationList = 3504FC4A1F201F8000B28FB3 /* Build configuration list for PBXNativeTarget "Beer" */;
			buildPhases = (
				3504FC311F201F8000B28FB3 /* Sources */,
				3504FC321F201F8000B28FB3 /* Frameworks */,
				3504FC331F201F8000B28FB3 /* Resources */,
			);
			buildRules = (
			);
			dependencies = (
			);
			name = Beer;
			productName = Beer;
			productReference = 3504FC351F201F8000B28FB3 /* Beer.app */;
			productType = "com.apple.product-type.application";
		};
/* End PBXNativeTarget section */

/* Begin PBXProject section */
		3504FC2D1F201F8000B28FB3 /* Project object */ = {
			isa = PBXProject;
			attributes = {
				LastSwiftUpdateCheck = 0830;
				LastUpgradeCheck = 0830;
				ORGANIZATIONNAME = "Ricardo Tourinho";
				TargetAttributes = {
					3504FC341F201F8000B28FB3 = {
						CreatedOnToolsVersion = 8.3.3;
						ProvisioningStyle = Automatic;
					};
				};
			};
			buildConfigurationList = 3504FC301F201F8000B28FB3 /* Build configuration list for PBXProject "Beer" */;
			compatibilityVersion = "Xcode 3.2";
			developmentRegion = English;
			hasScannedForEncodings = 0;
			knownRegions = (
				en,
				Base,
			);
			mainGroup = 3504FC2C1F201F8000B28FB3;
			productRefGroup = 3504FC361F201F8000B28FB3 /* Products */;
			projectDirPath = "";
			projectRoot = "";
			targets = (
				3504FC341F201F8000B28FB3 /* Beer */,
			);
		};
/* End PBXProject section */

/* Begin PBXResourcesBuildPhase section */
		3504FC331F201F8000B28FB3 /* Resources */ = {
			isa = PBXResourcesBuildPhase;
			buildActionMask = 2147483647;
			files = (
				3504FC461F201F8000B28FB3 /* LaunchScreen.storyboard in Resources */,
				3504FC431F201F8000B28FB3 /* Assets.xcassets in Resources */,
				3504FC3E1F201F8000B28FB3 /* Main.storyboard in Resources */,
			);
			runOnlyForDeploymentPostprocessing = 0;
		};
/* End PBXResourcesBuildPhase section */

/* Begin PBXSourcesBuildPhase section */
		3504FC311F201F8000B28FB3 /* Sources */ = {
			isa = PBXSourcesBuildPhase;
			buildActionMask = 2147483647;
			files = (
				3504FC411F201F8000B28FB3 /* Beer.xcdatamodeld in Sources */,
				3504FC3B1F201F8000B28FB3 /* ViewController.swift in Sources */,
				3504FC391F201F8000B28FB3 /* AppDelegate.swift in Sources */,
			);
			runOnlyForDeploymentPostprocessing = 0;
		};
/* End PBXSourcesBuildPhase section */

/* Begin PBXVariantGroup section */
		3504FC3C1F201F8000B28FB3 /* Main.storyboard */ = {
			isa = PBXVariantGroup;
			children = (
				3504FC3D1F201F8000B28FB3 /* Base */,
			);
			name = Main.storyboard;
			sourceTree = "<group>";
		};
		3504FC441F201F8000B28FB3 /* LaunchScreen.storyboard */ = {
			isa = PBXVariantGroup;
			children = (
				3504FC451F201F8000B28FB3 /* Base */,
			);
			name = LaunchScreen.storyboard;
			sourceTree = "<group>";
		};
/* End PBXVariantGroup section */

/* Begin XCBuildConfiguration section */
		3504FC481F201F8000B28FB3 /* Debug */ = {
			isa = XCBuildConfiguration;
			buildSettings = {
				ALWAYS_SEARCH_USER_PATHS = NO;
				CLANG_ANALYZER_NONNULL = YES;
				CLANG_ANALYZER_NUMBER_OBJECT_CONVERSION = YES_AGGRESSIVE;
				CLANG_CXX_LANGUAGE_STANDARD = "gnu++0x";
				CLANG_CXX_LIBRARY = "libc++";
				CLANG_ENABLE_MODULES = YES;
				CLANG_ENABLE_OBJC_ARC = YES;
				CLANG_WARN_BOOL_CONVERSION = YES;
				CLANG_WARN_CONSTANT_CONVERSION = YES;
				CLANG_WARN_DIRECT_OBJC_ISA_USAGE = YES_ERROR;
				CLANG_WARN_DOCUMENTATION_COMMENTS = YES;
				CLANG_WARN_EMPTY_BODY = YES;
				CLANG_WARN_ENUM_CONVERSION = YES;
				CLANG_WARN_INFINITE_RECURSION = YES;
				CLANG_WARN_INT_CONVERSION = YES;
				CLANG_WARN_OBJC_ROOT_CLASS = YES_ERROR;
				CLANG_WARN_SUSPICIOUS_MOVE = YES;
				CLANG_WARN_UNREACHABLE_CODE = YES;
				CLANG_WARN__DUPLICATE_METHOD_MATCH = YES;
				"CODE_SIGN_IDENTITY[sdk=iphoneos*]" = "iPhone Developer";
				COPY_PHASE_STRIP = NO;
				DEBUG_INFORMATION_FORMAT = dwarf;
				ENABLE_STRICT_OBJC_MSGSEND = YES;
				ENABLE_TESTABILITY = YES;
				GCC_C_LANGUAGE_STANDARD = gnu99;
				GCC_DYNAMIC_NO_PIC = NO;
				GCC_NO_COMMON_BLOCKS = YES;
				GCC_OPTIMIZATION_LEVEL = 0;
				GCC_PREPROCESSOR_DEFINITIONS = (
					"DEBUG=1",
					"$(inherited)",
				);
				GCC_WARN_64_TO_32_BIT_CONVERSION = YES;
				GCC_WARN_ABOUT_RETURN_TYPE = YES_ERROR;
				GCC_WARN_UNDECLARED_SELECTOR = YES;
				GCC_WARN_UNINITIALIZED_AUTOS = YES_AGGRESSIVE;
				GCC_WARN_UNUSED_FUNCTION = YES;
				GCC_WARN_UNUSED_VARIABLE = YES;
				IPHONEOS_DEPLOYMENT_TARGET = 10.3;
				MTL_ENABLE_DEBUG_INFO = YES;
				ONLY_ACTIVE_ARCH = YES;
				SDKROOT = iphoneos;
				SWIFT_ACTIVE_COMPILATION_CONDITIONS = DEBUG;
				SWIFT_OPTIMIZATION_LEVEL = "-Onone";
			};
			name = Debug;
		};
		3504FC491F201F8000B28FB3 /* Release */ = {
			isa = XCBuildConfiguration;
			buildSettings = {
				ALWAYS_SEARCH_USER_PATHS = NO;
				CLANG_ANALYZER_NONNULL = YES;
				CLANG_ANALYZER_NUMBER_OBJECT_CONVERSION = YES_AGGRESSIVE;
				CLANG_CXX_LANGUAGE_STANDARD = "gnu++0x";
				CLANG_CXX_LIBRARY = "libc++";
				CLANG_ENABLE_MODULES = YES;
				CLANG_ENABLE_OBJC_ARC = YES;
				CLANG_WARN_BOOL_CONVERSION = YES;
				CLANG_WARN_CONSTANT_CONVERSION = YES;
				CLANG_WARN_DIRECT_OBJC_ISA_USAGE = YES_ERROR;
				CLANG_WARN_DOCUMENTATION_COMMENTS = YES;
				CLANG_WARN_EMPTY_BODY = YES;
				CLANG_WARN_ENUM_CONVERSION = YES;
				CLANG_WARN_INFINITE_RECURSION = YES;
				CLANG_WARN_INT_CONVERSION = YES;
				CLANG_WARN_OBJC_ROOT_CLASS = YES_ERROR;
				CLANG_WARN_SUSPICIOUS_MOVE = YES;
				CLANG_WARN_UNREACHABLE_CODE = YES;
				CLANG_WARN__DUPLICATE_METHOD_MATCH = YES;
				"CODE_SIGN_IDENTITY[sdk=iphoneos*]" = "iPhone Developer";
				COPY_PHASE_STRIP = NO;
				DEBUG_INFORMATION_FORMAT = "dwarf-with-dsym";
				ENABLE_NS_ASSERTIONS = NO;
				ENABLE_STRICT_OBJC_MSGSEND = YES;
				GCC_C_LANGUAGE_STANDARD = gnu99;
				GCC_NO_COMMON_BLOCKS = YES;
				GCC_WARN_64_TO_32_BIT_CONVERSION = YES;
				GCC_WARN_ABOUT_RETURN_TYPE = YES_ERROR;
				GCC_WARN_UNDECLARED_SELECTOR = YES;
				GCC_WARN_UNINITIALIZED_AUTOS = YES_AGGRESSIVE;
				GCC_WARN_UNUSED_FUNCTION = YES;
				GCC_WARN_UNUSED_VARIABLE = YES;
				IPHONEOS_DEPLOYMENT_TARGET = 10.3;
				MTL_ENABLE_DEBUG_INFO = NO;
				SDKROOT = iphoneos;
				SWIFT_OPTIMIZATION_LEVEL = "-Owholemodule";
				VALIDATE_PRODUCT = YES;
			};
			name = Release;
		};
		3504FC4B1F201F8000B28FB3 /* Debug */ = {
			isa = XCBuildConfiguration;
			buildSettings = {
				ASSETCATALOG_COMPILER_APPICON_NAME = AppIcon;
				INFOPLIST_FILE = Beer/Info.plist;
				LD_RUNPATH_SEARCH_PATHS = "$(inherited) @executable_path/Frameworks";
				PRODUCT_BUNDLE_IDENTIFIER = rct.Beer;
				PRODUCT_NAME = "$(TARGET_NAME)";
				SWIFT_VERSION = 3.0;
			};
			name = Debug;
		};
		3504FC4C1F201F8000B28FB3 /* Release */ = {
			isa = XCBuildConfiguration;
			buildSettings = {
				ASSETCATALOG_COMPILER_APPICON_NAME = AppIcon;
				INFOPLIST_FILE = Beer/Info.plist;
				LD_RUNPATH_SEARCH_PATHS = "$(inherited) @executable_path/Frameworks";
				PRODUCT_BUNDLE_IDENTIFIER = rct.Beer;
				PRODUCT_NAME = "$(TARGET_NAME)";
				SWIFT_VERSION = 3.0;
			};
			name = Release;
		};
/* End XCBuildConfiguration section */

/* Begin XCConfigurationList section */
		3504FC301F201F8000B28FB3 /* Build configuration list for PBXProject "Beer" */ = {
			isa = XCConfigurationList;
			buildConfigurations = (
				3504FC481F201F8000B28FB3 /* Debug */,
				3504FC491F201F8000B28FB3 /* Release */,
			);
			defaultConfigurationIsVisible = 0;
			defaultConfigurationName = Release;
		};
		3504FC4A1F201F8000B28FB3 /* Build configuration list for PBXNativeTarget "Beer" */ = {
			isa = XCConfigurationList;
			buildConfigurations = (
				3504FC4B1F201F8000B28FB3 /* Debug */,
				3504FC4C1F201F8000B28FB3 /* Release */,
			);
			defaultConfigurationIsVisible = 0;
		};
/* End XCConfigurationList section */

/* Begin XCVersionGroup section */
		3504FC3F1F201F8000B28FB3 /* Beer.xcdatamodeld */ = {
			isa = XCVersionGroup;
			children = (
				3504FC401F201F8000B28FB3 /* Beer.xcdatamodel */,
			);
			currentVersion = 3504FC401F201F8000B28FB3 /* Beer.xcdatamodel */;
			path = Beer.xcdatamodeld;
			sourceTree = "<group>";
			versionGroupType = wrapper.xcdatamodel;
		};
/* End XCVersionGroup section */
	};
	rootObject = 3504FC2D1F201F8000B28FB3 /* Project object */;
}
